
Microsoft Visual Studio Solution File, Format Version 12.00
# Visual Studio Version 17
VisualStudioVersion = 17.4.33110.190
MinimumVisualStudioVersion = 10.0.40219.1
Project("{FAE04EC0-301F-11D3-BF4B-00C04F79EFBC}") = "InventorySchool", "InventorySchool\InventorySchool.csproj", "{2427C6D9-9B00-4A64-980F-F6E0ED26210B}"
EndProject
Global
	GlobalSection(SolutionConfigurationPlatforms) = preSolution
		Debug|Any CPU = Debug|Any CPU
		Release|Any CPU = Release|Any CPU
	EndGlobalSection
	GlobalSection(ProjectConfigurationPlatforms) = postSolution
		{2427C6D9-9B00-4A64-980F-F6E0ED26210B}.Debug|Any CPU.ActiveCfg = Debug|Any CPU
		{2427C6D9-9B00-4A64-980F-F6E0ED26210B}.Debug|Any CPU.Build.0 = Debug|Any CPU
		{2427C6D9-9B00-4A64-980F-F6E0ED26210B}.Release|Any CPU.ActiveCfg = Release|Any CPU
		{2427C6D9-9B00-4A64-980F-F6E0ED26210B}.Release|Any CPU.Build.0 = Release|Any CPU
	EndGlobalSection
	GlobalSection(SolutionProperties) = preSolution
		HideSolutionNode = FALSE
	EndGlobalSection
	GlobalSection(ExtensibilityGlobals) = postSolution
		SolutionGuid = {79EFE8AF-3F2D-4B7C-8866-FD4F925D29FC}
	EndGlobalSection
EndGlobal
